// !$*UTF8*$!
{
	archiveVersion = 1;
	classes = {
	};
	objectVersion = 46;
	objects = {

/* Begin PBXBuildFile section */
		CEB31FF3167F4A2A00845395 /* main.cpp in Sources */ = {isa = PBXBuildFile; fileRef = CEB31FF2167F4A2A00845395 /* main.cpp */; };
		CEB31FF5167F4A2A00845395 /* XireTask7.1 in CopyFiles */ = {isa = PBXBuildFile; fileRef = CEB31FF4167F4A2A00845395 /* XireTask7.1 */; };
/* End PBXBuildFile section */

/* Begin PBXCopyFilesBuildPhase section */
		CEB31FEC167F4A2A00845395 /* CopyFiles */ = {
			isa = PBXCopyFilesBuildPhase;
			buildActionMask = 2147483647;
			dstPath = /usr/share/man/man1/;
			dstSubfolderSpec = 0;
			files = (
				CEB31FF5167F4A2A00845395 /* XireTask7.1 in CopyFiles */,
			);
			runOnlyForDeploymentPostprocessing = 1;
		};
/* End PBXCopyFilesBuildPhase section */

/* Begin PBXFileReference section */
		CEB31FEE167F4A2A00845395 /* XireTask7 */ = {isa = PBXFileReference; explicitFileType = "compiled.mach-o.executable"; includeInIndex = 0; path = XireTask7; sourceTree = BUILT_PRODUCTS_DIR; };
		CEB31FF2167F4A2A00845395 /* main.cpp */ = {isa = PBXFileReference; lastKnownFileType = sourcecode.cpp.cpp; path = main.cpp; sourceTree = "<group>"; };
		CEB31FF4167F4A2A00845395 /* XireTask7.1 */ = {isa = PBXFileReference; lastKnownFileType = text.man; path = XireTask7.1; sourceTree = "<group>"; };
/* End PBXFileReference section */

/* Begin PBXFrameworksBuildPhase section */
		CEB31FEB167F4A2A00845395 /* Frameworks */ = {
			isa = PBXFrameworksBuildPhase;
			buildActionMask = 2147483647;
			files = (
			);
			runOnlyForDeploymentPostprocessing = 0;
		};
/* End PBXFrameworksBuildPhase section */

/* Begin PBXGroup section */
		CEB31FE3167F4A2A00845395 = {
			isa = PBXGroup;
			children = (
				CEB31FF1167F4A2A00845395 /* XireTask7 */,
				CEB31FEF167F4A2A00845395 /* Products */,
			);
			sourceTree = "<group>";
		};
		CEB31FEF167F4A2A00845395 /* Products */ = {
			isa = PBXGroup;
			children = (
				CEB31FEE167F4A2A00845395 /* XireTask7 */,
			);
			name = Products;
			sourceTree = "<group>";
		};
		CEB31FF1167F4A2A00845395 /* XireTask7 */ = {
			isa = PBXGroup;
			children = (
				CEB31FF2167F4A2A00845395 /* main.cpp */,
				CEB31FF4167F4A2A00845395 /* XireTask7.1 */,
			);
			path = XireTask7;
			sourceTree = "<group>";
		};
/* End PBXGroup section */

/* Begin PBXNativeTarget section */
		CEB31FED167F4A2A00845395 /* XireTask7 */ = {
			isa = PBXNativeTarget;
			buildConfigurationList = CEB31FF8167F4A2A00845395 /* Build configuration list for PBXNativeTarget "XireTask7" */;
			buildPhases = (
				CEB31FEA167F4A2A00845395 /* Sources */,
				CEB31FEB167F4A2A00845395 /* Frameworks */,
				CEB31FEC167F4A2A00845395 /* CopyFiles */,
			);
			buildRules = (
			);
			dependencies = (
			);
			name = XireTask7;
			productName = XireTask7;
			productReference = CEB31FEE167F4A2A00845395 /* XireTask7 */;
			productType = "com.apple.product-type.tool";
		};
/* End PBXNativeTarget section */

/* Begin PBXProject section */
		CEB31FE5167F4A2A00845395 /* Project object */ = {
			isa = PBXProject;
			attributes = {
				LastUpgradeCheck = 0450;
				ORGANIZATIONNAME = "Sigma Ukraine";
			};
			buildConfigurationList = CEB31FE8167F4A2A00845395 /* Build configuration list for PBXProject "XireTask7" */;
			compatibilityVersion = "Xcode 3.2";
			developmentRegion = English;
			hasScannedForEncodings = 0;
			knownRegions = (
				en,
			);
			mainGroup = CEB31FE3167F4A2A00845395;
			productRefGroup = CEB31FEF167F4A2A00845395 /* Products */;
			projectDirPath = "";
			projectRoot = "";
			targets = (
				CEB31FED167F4A2A00845395 /* XireTask7 */,
			);
		};
/* End PBXProject section */

/* Begin PBXSourcesBuildPhase section */
		CEB31FEA167F4A2A00845395 /* Sources */ = {
			isa = PBXSourcesBuildPhase;
			buildActionMask = 2147483647;
			files = (
				CEB31FF3167F4A2A00845395 /* main.cpp in Sources */,
			);
			runOnlyForDeploymentPostprocessing = 0;
		};
/* End PBXSourcesBuildPhase section */

/* Begin XCBuildConfiguration section */
		CEB31FF6167F4A2A00845395 /* Debug */ = {
			isa = XCBuildConfiguration;
			buildSettings = {
				ALWAYS_SEARCH_USER_PATHS = NO;
				ARCHS = "$(ARCHS_STANDARD_64_BIT)";
				CLANG_CXX_LANGUAGE_STANDARD = "gnu++0x";
				CLANG_CXX_LIBRARY = "libc++";
				CLANG_WARN_EMPTY_BODY = YES;
				CLANG_WARN__DUPLICATE_METHOD_MATCH = YES;
				COPY_PHASE_STRIP = NO;
				GCC_C_LANGUAGE_STANDARD = gnu99;
				GCC_DYNAMIC_NO_PIC = NO;
				GCC_ENABLE_OBJC_EXCEPTIONS = YES;
				GCC_OPTIMIZATION_LEVEL = 0;
				GCC_PREPROCESSOR_DEFINITIONS = (
					"DEBUG=1",
					"$(inherited)",
				);
				GCC_SYMBOLS_PRIVATE_EXTERN = NO;
				GCC_WARN_64_TO_32_BIT_CONVERSION = YES;
				GCC_WARN_ABOUT_RETURN_TYPE = YES;
				GCC_WARN_UNINITIALIZED_AUTOS = YES;
				GCC_WARN_UNUSED_VARIABLE = YES;
				MACOSX_DEPLOYMENT_TARGET = 10.7;
				ONLY_ACTIVE_ARCH = YES;
				SDKROOT = macosx;
			};
			name = Debug;
		};
		CEB31FF7167F4A2A00845395 /* Release */ = {
			isa = XCBuildConfiguration;
			buildSettings = {
				ALWAYS_SEARCH_USER_PATHS = NO;
				ARCHS = "$(ARCHS_STANDARD_64_BIT)";
				CLANG_CXX_LANGUAGE_STANDARD = "gnu++0x";
				CLANG_CXX_LIBRARY = "libc++";
				CLANG_WARN_EMPTY_BODY = YES;
				CLANG_WARN__DUPLICATE_METHOD_MATCH = YES;
				COPY_PHASE_STRIP = YES;
				DEBUG_INFORMATION_FORMAT = "dwarf-with-dsym";
				GCC_C_LANGUAGE_STANDARD = gnu99;
				GCC_ENABLE_OBJC_EXCEPTIONS = YES;
				GCC_WARN_64_TO_32_BIT_CONVERSION = YES;
				GCC_WARN_ABOUT_RETURN_TYPE = YES;
				GCC_WARN_UNINITIALIZED_AUTOS = YES;
				GCC_WARN_UNUSED_VARIABLE = YES;
				MACOSX_DEPLOYMENT_TARGET = 10.7;
				SDKROOT = macosx;
			};
			name = Release;
		};
		CEB31FF9167F4A2A00845395 /* Debug */ = {
			isa = XCBuildConfiguration;
			buildSettings = {
				PRODUCT_NAME = "$(TARGET_NAME)";
			};
			name = Debug;
		};
		CEB31FFA167F4A2A00845395 /* Release */ = {
			isa = XCBuildConfiguration;
			buildSettings = {
				PRODUCT_NAME = "$(TARGET_NAME)";
			};
			name = Release;
		};
/* End XCBuildConfiguration section */

/* Begin XCConfigurationList section */
		CEB31FE8167F4A2A00845395 /* Build configuration list for PBXProject "XireTask7" */ = {
			isa = XCConfigurationList;
			buildConfigurations = (
				CEB31FF6167F4A2A00845395 /* Debug */,
				CEB31FF7167F4A2A00845395 /* Release */,
			);
			defaultConfigurationIsVisible = 0;
			defaultConfigurationName = Release;
		};
		CEB31FF8167F4A2A00845395 /* Build configuration list for PBXNativeTarget "XireTask7" */ = {
			isa = XCConfigurationList;
			buildConfigurations = (
				CEB31FF9167F4A2A00845395 /* Debug */,
				CEB31FFA167F4A2A00845395 /* Release */,
			);
			defaultConfigurationIsVisible = 0;
		};
/* End XCConfigurationList section */
	};
	rootObject = CEB31FE5167F4A2A00845395 /* Project object */;
}
